hash: a2449558f454974f5738e7b3afa2b65445bafdc2a1920be1e98e678001debe68
updated: 2020-11-02T16:34:50.338707573+05:00
imports:
- name: github.com/contactless/org.eclipse.paho.mqtt.golang
  version: bc107ec72972f0e7048787415ea061578b5c3f33
  subpackages:
  - packets
- name: github.com/contactless/wbgo
  version: 645ba6f5f8fdd9cb1fcea3ff7162a70aed4e960e
  subpackages:
  - testutils
- name: github.com/DisposaBoy/JsonConfigReader
  version: 33a99fdf1d5ee1f79b5077e9c06f955ad356d5f4
- name: github.com/stretchr/objx
  version: cbeaeb16a013161a98496fad62933b1d21786672
- name: github.com/stretchr/testify
  version: e4ec8152c15fc46bd5056ce65997a07c7d415325
  subpackages:
  - assert
  - require
  - suite
- name: github.com/xeipuuv/gojsonpointer
  version: 636edb2500d21f2ed09ea96a00deb36bbd07cf70
- name: github.com/xeipuuv/gojsonreference
  version: e02fc20de94c78484cd5ffb007f8af96be030a45
- name: github.com/xeipuuv/gojsonschema
  version: 888f4e6541f4d1d50161e5880e9828865089f966
- name: golang.org/x/net
  version: cb0ed7acc4f717d79a358093419e5a7da09b8b45
  subpackages:
  - websocket
- name: gopkg.in/fsnotify.v1
  version: 96c060f6a6b7e0d6f75fddd10efeaca3e5d1bcb0
testImports: []
