github.com/DisposaBoy/JsonConfigReader v0.0.0-20130112093355-33a99fdf1d5e h1:rv5qJCfIzQhhefHp8MO98hoGRI3mdps2iiGA3o4nm8A=
github.com/DisposaBoy/JsonConfigReader v0.0.0-20130112093355-33a99fdf1d5e/go.mod h1:GCzqZQHydohgVLSIqRKZeTt8IGb1Y4NaFfim3H40uUI=
github.com/alexcesaro/statsd v2.0.0+incompatible h1:HG17k1Qk8V1F4UOoq6tx+IUoAbOcI5PHzzEUGeDD72w=
github.com/alexcesaro/statsd v2.0.0+incompatible/go.mod h1:vNepIbQAiyLe1j480173M6NYYaAsGwEcvuDTU3OCUGY=
github.com/contactless/wbgong v0.0.2 h1:qIqtkmMt+g4MU2Q8BantTA01BfBpX00mf+bEz8QL0Lk=
github.com/contactless/wbgong v0.0.2/go.mod h1:r2wgXK7QCNzEzwdCTqw6vsHnlH/dtGR8eSrU08dPHrg=
github.com/stretchr/objx v0.0.0-20140526180921-cbeaeb16a013 h1:lg5xphrNMF4T2GfLhtXOhFrTn5ZmPRUOWXvCLOattFY=
github.com/stretchr/objx v0.0.0-20140526180921-cbeaeb16a013/go.mod h1:HFkY916IF+rwdDfMAkV7OtwuqBVzrE8GR6GFx+wExME=
github.com/stretchr/testify v0.0.0-20150218221846-e4ec8152c15f h1:s+/zETdGFl5S+XBos5NN8nSYQ4mwTf3kF3jjD83t4vY=
github.com/stretchr/testify v0.0.0-20150218221846-e4ec8152c15f/go.mod h1:a8OnRcib4nhh0OaRAV+Yts87kKdq0PP7pXfy6kDkUVs=
github.com/xeipuuv/gojsonpointer v0.0.0-20150102060019-636edb2500d2 h1:NBPMhpYSZgV0SxyAkWTxH7xFyI49UrWXcVQ63q6Lnsk=
github.com/xeipuuv/gojsonpointer v0.0.0-20150102060019-636edb2500d2/go.mod h1:N2zxlSyiKSe5eX1tZViRH5QA0qijqEDrYZiPEAiq3wU=
github.com/xeipuuv/gojsonreference v0.0.0-20150808065054-e02fc20de94c h1:XZWnr3bsDQWAZg4Ne+cPoXRPILrNlPNQfxBuwLl43is=
github.com/xeipuuv/gojsonreference v0.0.0-20150808065054-e02fc20de94c/go.mod h1:GwrjFmJcFw6At/Gs6z4yjiIwzuJ1/+UwLxMQDVQXShQ=
github.com/xeipuuv/gojsonschema v0.0.0-20150910030237-888f4e6541f4 h1:Q3gMBMxN1cEg4FJhqQPFIGkPxTDV78RZ3vyL8vS+lOY=
github.com/xeipuuv/gojsonschema v0.0.0-20150910030237-888f4e6541f4/go.mod h1:5yf86TLmAcydyeJq5YvxkGPE2fm/u4myDekKRoLuqhs=
gopkg.in/alexcesaro/statsd.v2 v2.0.0 h1:FXkZSCZIH17vLCO5sO2UucTHsH9pc+17F6pl3JVCwMc=
gopkg.in/alexcesaro/statsd.v2 v2.0.0/go.mod h1:i0ubccKGzBVNBpdGV5MocxyA/XlLUJzA7SLonnE4drU=
