gom 'git.eclipse.org/gitroot/paho/org.eclipse.paho.mqtt.golang.git', :commit => '0d95fb886332902c477408b4b554667f65d01605'
gom 'github.com/DisposaBoy/JsonConfigReader', :commit => '33a99fdf1d5ee1f79b5077e9c06f955ad356d5f4'
gom 'github.com/contactless/wbgo', :commit => 'f16b4e5ee92cea7fcbf19aa7c39802116a391183'
gom 'github.com/pborman/uuid', :commit => 'cccd189d45f7ac3368a0d127efb7f4d08ae0b655'
gom 'github.com/stretchr/objx', :commit => 'cbeaeb16a013161a98496fad62933b1d21786672'
gom 'github.com/stretchr/testify', :commit => 'e4ec8152c15fc46bd5056ce65997a07c7d415325'
gom 'github.com/xeipuuv/gojsonpointer', :commit => '636edb2500d21f2ed09ea96a00deb36bbd07cf70'
gom 'github.com/xeipuuv/gojsonreference', :commit => 'e02fc20de94c78484cd5ffb007f8af96be030a45'
gom 'github.com/xeipuuv/gojsonschema', :commit => '888f4e6541f4d1d50161e5880e9828865089f966'
gom 'golang.org/x/net/websocket'
gom 'gopkg.in/fsnotify.v1', :commit => '96c060f6a6b7e0d6f75fddd10efeaca3e5d1bcb0'
